
Microsoft Visual Studio Solution File, Format Version 12.00
# Visual Studio 15
Project("{FAE04EC0-301F-11D3-BF4B-00C04F79EFBC}") = "BestiaryCQRS.Api", "BestiaryCQRS.Api\BestiaryCQRS.Api.csproj", "{B205DF55-FE79-4AE8-926C-20B68690092C}"
EndProject
Project("{FAE04EC0-301F-11D3-BF4B-00C04F79EFBC}") = "BestiaryCQRS.Domain", "BestiaryCQRS.Domain\BestiaryCQRS.Domain.csproj", "{A4A8DA4C-7121-48AD-B98E-44638CF6D301}"
EndProject
Project("{FAE04EC0-301F-11D3-BF4B-00C04F79EFBC}") = "BestiaryCQRS.Infra", "BestiaryCQRS.Infra\BestiaryCQRS.Infra.csproj", "{6CE1E71B-D59F-494A-98C0-58E4072C93B2}"
EndProject
Project("{FAE04EC0-301F-11D3-BF4B-00C04F79EFBC}") = "BestiaryCQRS.Test", "BestiaryCQRS.Test\BestiaryCQRS.Test.csproj", "{222DF9A3-D101-4408-B747-51D25DA2F201}"
EndProject
Global
	GlobalSection(SolutionConfigurationPlatforms) = preSolution
		Debug|Any CPU = Debug|Any CPU
		Release|Any CPU = Release|Any CPU
	EndGlobalSection
	GlobalSection(ProjectConfigurationPlatforms) = postSolution
		{B205DF55-FE79-4AE8-926C-20B68690092C}.Debug|Any CPU.ActiveCfg = Debug|Any CPU
		{B205DF55-FE79-4AE8-926C-20B68690092C}.Debug|Any CPU.Build.0 = Debug|Any CPU
		{B205DF55-FE79-4AE8-926C-20B68690092C}.Release|Any CPU.ActiveCfg = Release|Any CPU
		{B205DF55-FE79-4AE8-926C-20B68690092C}.Release|Any CPU.Build.0 = Release|Any CPU
		{A4A8DA4C-7121-48AD-B98E-44638CF6D301}.Debug|Any CPU.ActiveCfg = Debug|Any CPU
		{A4A8DA4C-7121-48AD-B98E-44638CF6D301}.Debug|Any CPU.Build.0 = Debug|Any CPU
		{A4A8DA4C-7121-48AD-B98E-44638CF6D301}.Release|Any CPU.ActiveCfg = Release|Any CPU
		{A4A8DA4C-7121-48AD-B98E-44638CF6D301}.Release|Any CPU.Build.0 = Release|Any CPU
		{6CE1E71B-D59F-494A-98C0-58E4072C93B2}.Debug|Any CPU.ActiveCfg = Debug|Any CPU
		{6CE1E71B-D59F-494A-98C0-58E4072C93B2}.Debug|Any CPU.Build.0 = Debug|Any CPU
		{6CE1E71B-D59F-494A-98C0-58E4072C93B2}.Release|Any CPU.ActiveCfg = Release|Any CPU
		{6CE1E71B-D59F-494A-98C0-58E4072C93B2}.Release|Any CPU.Build.0 = Release|Any CPU
		{222DF9A3-D101-4408-B747-51D25DA2F201}.Debug|Any CPU.ActiveCfg = Debug|Any CPU
		{222DF9A3-D101-4408-B747-51D25DA2F201}.Debug|Any CPU.Build.0 = Debug|Any CPU
		{222DF9A3-D101-4408-B747-51D25DA2F201}.Release|Any CPU.ActiveCfg = Release|Any CPU
		{222DF9A3-D101-4408-B747-51D25DA2F201}.Release|Any CPU.Build.0 = Release|Any CPU
	EndGlobalSection
EndGlobal
